
Microsoft Visual Studio Solution File, Format Version 12.00
# Visual Studio Version 17
VisualStudioVersion = 17.4.33213.308
MinimumVisualStudioVersion = 10.0.40219.1
Project("{9A19103F-16F7-4668-BE54-9A1E7A4F7556}") = "BulkyWeb", "BulkyWeb\BulkyWeb.csproj", "{E28AFDA4-9525-49D9-992E-E9A4043A2A3F}"
EndProject
Project("{FAE04EC0-301F-11D3-BF4B-00C04F79EFBC}") = "Bulky.DataAccess", "Bulky.DataAccess\Bulky.DataAccess.csproj", "{6AB2A1BF-04C1-4AA6-A147-EDB722BB238E}"
EndProject
Project("{FAE04EC0-301F-11D3-BF4B-00C04F79EFBC}") = "Bulky.Models", "Bulky.Models\Bulky.Models.csproj", "{38BF693B-8327-4144-AB6F-36545C6EDBFC}"
EndProject
Project("{FAE04EC0-301F-11D3-BF4B-00C04F79EFBC}") = "Bulky.Utility", "Bulky.Utility\Bulky.Utility.csproj", "{CBCC8B8A-2906-4E99-9429-08CB55556662}"
EndProject
Global
	GlobalSection(SolutionConfigurationPlatforms) = preSolution
		Debug|Any CPU = Debug|Any CPU
		Release|Any CPU = Release|Any CPU
	EndGlobalSection
	GlobalSection(ProjectConfigurationPlatforms) = postSolution
		{E28AFDA4-9525-49D9-992E-E9A4043A2A3F}.Debug|Any CPU.ActiveCfg = Debug|Any CPU
		{E28AFDA4-9525-49D9-992E-E9A4043A2A3F}.Debug|Any CPU.Build.0 = Debug|Any CPU
		{E28AFDA4-9525-49D9-992E-E9A4043A2A3F}.Release|Any CPU.ActiveCfg = Release|Any CPU
		{E28AFDA4-9525-49D9-992E-E9A4043A2A3F}.Release|Any CPU.Build.0 = Release|Any CPU
		{6AB2A1BF-04C1-4AA6-A147-EDB722BB238E}.Debug|Any CPU.ActiveCfg = Debug|Any CPU
		{6AB2A1BF-04C1-4AA6-A147-EDB722BB238E}.Debug|Any CPU.Build.0 = Debug|Any CPU
		{6AB2A1BF-04C1-4AA6-A147-EDB722BB238E}.Release|Any CPU.ActiveCfg = Release|Any CPU
		{6AB2A1BF-04C1-4AA6-A147-EDB722BB238E}.Release|Any CPU.Build.0 = Release|Any CPU
		{38BF693B-8327-4144-AB6F-36545C6EDBFC}.Debug|Any CPU.ActiveCfg = Debug|Any CPU
		{38BF693B-8327-4144-AB6F-36545C6EDBFC}.Debug|Any CPU.Build.0 = Debug|Any CPU
		{38BF693B-8327-4144-AB6F-36545C6EDBFC}.Release|Any CPU.ActiveCfg = Release|Any CPU
		{38BF693B-8327-4144-AB6F-36545C6EDBFC}.Release|Any CPU.Build.0 = Release|Any CPU
		{CBCC8B8A-2906-4E99-9429-08CB55556662}.Debug|Any CPU.ActiveCfg = Debug|Any CPU
		{CBCC8B8A-2906-4E99-9429-08CB55556662}.Debug|Any CPU.Build.0 = Debug|Any CPU
		{CBCC8B8A-2906-4E99-9429-08CB55556662}.Release|Any CPU.ActiveCfg = Release|Any CPU
		{CBCC8B8A-2906-4E99-9429-08CB55556662}.Release|Any CPU.Build.0 = Release|Any CPU
	EndGlobalSection
	GlobalSection(SolutionProperties) = preSolution
		HideSolutionNode = FALSE
	EndGlobalSection
	GlobalSection(ExtensibilityGlobals) = postSolution
		SolutionGuid = {8EB15AF8-D311-4069-AAF1-78DBE362A00B}
	EndGlobalSection
EndGlobal
